<?xml version="1.0" encoding="utf-8"?>
<Project ToolsVersion="4.0" xmlns="http://schemas.microsoft.com/developer/msbuild/2003">
  <ItemGroup>
    <Filter Include="Resource Files">
      <UniqueIdentifier>{67DA6AB6-F800-4c08-8B7A-83BB121AAD01}</UniqueIdentifier>
      <Extensions>rc;ico;cur;bmp;dlg;rc2;rct;bin;rgs;gif;jpg;jpeg;jpe;resx;tiff;tif;png;wav;mfcribbon-ms</Extensions>
    </Filter>
    <Filter Include="FX">
      <UniqueIdentifier>{29c93b7f-16d5-4d6d-b682-f9268d9335df}</UniqueIdentifier>
    </Filter>
    <Filter Include="Utils">
      <UniqueIdentifier>{cb697cad-2e61-4d0a-b9cc-7ca68d36cb8f}</UniqueIdentifier>
    </Filter>
    <Filter Include="Source Files">
      <UniqueIdentifier>{4FC737F1-C7A5-4376-A066-2A32D752A2FF}</UniqueIdentifier>
      <Extensions>cpp;c;cc;cxx;def;odl;idl;hpj;bat;asm;asmx</Extensions>
    </Filter>
    <Filter Include="Headers">
      <UniqueIdentifier>{195d06a4-cb4d-4474-b4b9-9168248924b3}</UniqueIdentifier>
    </Filter>
    <Filter Include="Headers\Levels">
      <UniqueIdentifier>{16c299a5-9493-4d71-a007-00260600ac30}</UniqueIdentifier>
    </Filter>
    <Filter Include="Source Files\Levels">
      <UniqueIdentifier>{450b867a-00fe-4e86-b960-9236c90c2cbb}</UniqueIdentifier>
    </Filter>
    <Filter Include="Source Files\Baseclasses">
      <UniqueIdentifier>{9998b904-63e7-405d-9404-400ea5a17a78}</UniqueIdentifier>
    </Filter>
    <Filter Include="Source Files\Managers">
      <UniqueIdentifier>{050be7c9-fe8d-42bf-84e4-ce9dd9b7c13d}</UniqueIdentifier>
    </Filter>
    <Filter Include="Headers\Baseclasses">
      <UniqueIdentifier>{6d79e2b8-cdc0-451d-b79f-1db3704907f5}</UniqueIdentifier>
    </Filter>
    <Filter Include="Headers\Managers">
      <UniqueIdentifier>{fc130588-af31-4c6d-9abf-cf83cab1a715}</UniqueIdentifier>
    </Filter>
    <Filter Include="Headers\Gameobjects">
      <UniqueIdentifier>{3efd94c6-53f7-44f1-9908-2c39420bd9ae}</UniqueIdentifier>
    </Filter>
    <Filter Include="Source Files\Gameobjects">
      <UniqueIdentifier>{b3fd7fcd-c531-4056-b217-e87ed1fe816c}</UniqueIdentifier>
    </Filter>
    <Filter Include="Source Files\States">
      <UniqueIdentifier>{72008e03-242c-4b77-9fdd-54a842457e1a}</UniqueIdentifier>
    </Filter>
    <Filter Include="Headers\States">
      <UniqueIdentifier>{a75e697e-4fdd-47fb-be01-072d139137ca}</UniqueIdentifier>
    </Filter>
  </ItemGroup>
  <ItemGroup>
    <ClCompile Include="CRC.cpp">
      <Filter>Utils</Filter>
    </ClCompile>
    <ClCompile Include="Error.cpp">
      <Filter>Utils</Filter>
    </ClCompile>
    <ClCompile Include="UtilsDefines.cpp">
      <Filter>Utils</Filter>
    </ClCompile>
    <ClCompile Include="D3D.cpp">
      <Filter>Utils</Filter>
    </ClCompile>
    <ClCompile Include="D3DUtil.cpp">
      <Filter>Utils</Filter>
    </ClCompile>
    <ClCompile Include="Input.cpp">
      <Filter>Utils</Filter>
    </ClCompile>
    <ClCompile Include="GeometryBuilder.cpp">
      <Filter>Utils</Filter>
    </ClCompile>
    <ClCompile Include="Mesh.cpp">
      <Filter>Utils</Filter>
    </ClCompile>
    <ClCompile Include="Model.cpp">
      <Filter>Utils</Filter>
    </ClCompile>
    <ClCompile Include="WindowUtils.cpp">
      <Filter>Utils</Filter>
    </ClCompile>
    <ClCompile Include="FX.cpp">
      <Filter>Source Files</Filter>
    </ClCompile>
    <ClCompile Include="main.cpp">
      <Filter>Source Files</Filter>
    </ClCompile>
    <ClCompile Include="ShaderTypes.cpp">
      <Filter>Source Files</Filter>
    </ClCompile>
    <ClCompile Include="SpriteAnim.cpp">
      <Filter>Utils</Filter>
    </ClCompile>
    <ClCompile Include="LightManager.cpp">
      <Filter>Utils</Filter>
    </ClCompile>
    <ClCompile Include="File.cpp">
      <Filter>Utils</Filter>
    </ClCompile>
    <ClCompile Include="UserFolder.cpp">
      <Filter>Utils</Filter>
    </ClCompile>
    <ClCompile Include="AudioMgr.cpp">
      <Filter>Utils</Filter>
    </ClCompile>
    <ClCompile Include="AudioMgrFMOD.cpp">
      <Filter>Utils</Filter>
    </ClCompile>
    <ClCompile Include="FPSCamera.cpp">
      <Filter>Utils</Filter>
    </ClCompile>
    <ClCompile Include="GameObject.cpp">
      <Filter>Source Files\Baseclasses</Filter>
    </ClCompile>
    <ClCompile Include="Level.cpp">
      <Filter>Source Files\Baseclasses</Filter>
    </ClCompile>
    <ClCompile Include="GameObjectManager.cpp">
      <Filter>Source Files\Managers</Filter>
    </ClCompile>
    <ClCompile Include="LevelManager.cpp">
      <Filter>Source Files\Managers</Filter>
    </ClCompile>
    <ClCompile Include="Level1.cpp">
      <Filter>Source Files\Levels</Filter>
    </ClCompile>
    <ClCompile Include="Enemy.cpp">
      <Filter>Source Files\Gameobjects</Filter>
    </ClCompile>
    <ClCompile Include="Floor.cpp">
      <Filter>Source Files\Gameobjects</Filter>
    </ClCompile>
    <ClCompile Include="Loot.cpp">
      <Filter>Source Files\Gameobjects</Filter>
    </ClCompile>
    <ClCompile Include="Skybox.cpp">
      <Filter>Source Files\Gameobjects</Filter>
    </ClCompile>
    <ClCompile Include="Wall.cpp">
      <Filter>Source Files\Gameobjects</Filter>
    </ClCompile>
    <ClCompile Include="Player.cpp">
      <Filter>Source Files</Filter>
    </ClCompile>
    <ClCompile Include="UserInterfaceManager.cpp">
      <Filter>Source Files\Managers</Filter>
    </ClCompile>
    <ClCompile Include="Level2.cpp">
      <Filter>Source Files\Levels</Filter>
    </ClCompile>
    <ClCompile Include="State.cpp">
      <Filter>Source Files\Baseclasses</Filter>
    </ClCompile>
    <ClCompile Include="GameState.cpp">
      <Filter>Source Files\States</Filter>
    </ClCompile>
    <ClCompile Include="StateManager.cpp">
      <Filter>Source Files\Managers</Filter>
    </ClCompile>
    <ClCompile Include="MainMenuState.cpp">
      <Filter>Source Files\States</Filter>
    </ClCompile>
    <ClCompile Include="BlueKey.cpp">
      <Filter>Source Files\Gameobjects</Filter>
    </ClCompile>
    <ClCompile Include="BlueDoor.cpp">
      <Filter>Source Files\Gameobjects</Filter>
    </ClCompile>
    <ClCompile Include="RedKey.cpp">
      <Filter>Source Files\Gameobjects</Filter>
    </ClCompile>
    <ClCompile Include="RedDoor.cpp">
      <Filter>Source Files\Gameobjects</Filter>
    </ClCompile>
    <ClCompile Include="WallHalf.cpp">
      <Filter>Source Files\Gameobjects</Filter>
    </ClCompile>
    <ClCompile Include="ReturnBox.cpp">
      <Filter>Source Files\Gameobjects</Filter>
    </ClCompile>
    <ClCompile Include="Ceiling.cpp">
      <Filter>Source Files\Gameobjects</Filter>
    </ClCompile>
  </ItemGroup>
  <ItemGroup>
    <ClInclude Include="CRC.h">
      <Filter>Utils</Filter>
    </ClInclude>
    <ClInclude Include="Singleton.h">
      <Filter>Utils</Filter>
    </ClInclude>
    <ClInclude Include="Error.h">
      <Filter>Utils</Filter>
    </ClInclude>
    <ClInclude Include="UtilsDefines.h">
      <Filter>Utils</Filter>
    </ClInclude>
    <ClInclude Include="D3D.h">
      <Filter>Utils</Filter>
    </ClInclude>
    <ClInclude Include="D3DUtil.h">
      <Filter>Utils</Filter>
    </ClInclude>
    <ClInclude Include="Input.h">
      <Filter>Utils</Filter>
    </ClInclude>
    <ClInclude Include="Mesh.h">
      <Filter>Utils</Filter>
    </ClInclude>
    <ClInclude Include="Model.h">
      <Filter>Utils</Filter>
    </ClInclude>
    <ClInclude Include="WindowUtils.h">
      <Filter>Utils</Filter>
    </ClInclude>
    <ClInclude Include="GeometryBuilder.h">
      <Filter>Utils</Filter>
    </ClInclude>
    <ClInclude Include="SpriteAnim.h">
      <Filter>Utils</Filter>
    </ClInclude>
    <ClInclude Include="LightManager.h">
      <Filter>Utils</Filter>
    </ClInclude>
    <ClInclude Include="File.h">
      <Filter>Utils</Filter>
    </ClInclude>
    <ClInclude Include="UserFolder.h">
      <Filter>Utils</Filter>
    </ClInclude>
    <ClInclude Include="AudioMgr.h">
      <Filter>Utils</Filter>
    </ClInclude>
    <ClInclude Include="AudioMgrFMOD.h">
      <Filter>Utils</Filter>
    </ClInclude>
    <ClInclude Include="FPSCamera.h">
      <Filter>Utils</Filter>
    </ClInclude>
    <ClInclude Include="FX.h">
      <Filter>Headers</Filter>
    </ClInclude>
    <ClInclude Include="ShaderTypes.h">
      <Filter>Headers</Filter>
    </ClInclude>
    <ClInclude Include="Player.h">
      <Filter>Headers</Filter>
    </ClInclude>
    <ClInclude Include="Level1.h">
      <Filter>Headers\Levels</Filter>
    </ClInclude>
    <ClInclude Include="GameObject.h">
      <Filter>Headers\Baseclasses</Filter>
    </ClInclude>
    <ClInclude Include="Level.h">
      <Filter>Headers\Baseclasses</Filter>
    </ClInclude>
    <ClInclude Include="LevelManager.h">
      <Filter>Headers\Managers</Filter>
    </ClInclude>
    <ClInclude Include="GameObjectManager.h">
      <Filter>Headers\Managers</Filter>
    </ClInclude>
    <ClInclude Include="Enemy.h">
      <Filter>Headers\Gameobjects</Filter>
    </ClInclude>
    <ClInclude Include="Loot.h">
      <Filter>Headers\Gameobjects</Filter>
    </ClInclude>
    <ClInclude Include="Skybox.h">
      <Filter>Headers\Gameobjects</Filter>
    </ClInclude>
    <ClInclude Include="Wall.h">
      <Filter>Headers\Gameobjects</Filter>
    </ClInclude>
    <ClInclude Include="UserInterfaceManager.h">
      <Filter>Headers\Managers</Filter>
    </ClInclude>
    <ClInclude Include="Level2.h">
      <Filter>Headers\Levels</Filter>
    </ClInclude>
    <ClInclude Include="State.h">
      <Filter>Headers\Baseclasses</Filter>
    </ClInclude>
    <ClInclude Include="GameState.h">
      <Filter>Headers\States</Filter>
    </ClInclude>
    <ClInclude Include="Floor.h">
      <Filter>Headers\Gameobjects</Filter>
    </ClInclude>
    <ClInclude Include="StateManager.h">
      <Filter>Headers\Managers</Filter>
    </ClInclude>
    <ClInclude Include="MainMenuState.h">
      <Filter>Headers\States</Filter>
    </ClInclude>
    <ClInclude Include="RedKey.h">
      <Filter>Headers\Gameobjects</Filter>
    </ClInclude>
    <ClInclude Include="BlueKey.h">
      <Filter>Headers\Gameobjects</Filter>
    </ClInclude>
    <ClInclude Include="BlueDoor.h">
      <Filter>Headers\Gameobjects</Filter>
    </ClInclude>
    <ClInclude Include="RedDoor.h">
      <Filter>Headers\Gameobjects</Filter>
    </ClInclude>
    <ClInclude Include="WallHalf.h">
      <Filter>Headers\Gameobjects</Filter>
    </ClInclude>
    <ClInclude Include="ReturnBox.h">
      <Filter>Headers\Gameobjects</Filter>
    </ClInclude>
    <ClInclude Include="Ceiling.h">
      <Filter>Headers\Gameobjects</Filter>
    </ClInclude>
  </ItemGroup>
  <ItemGroup>
    <FxCompile Include="..\FX\LightHelper.hlsl">
      <Filter>FX</Filter>
    </FxCompile>
    <FxCompile Include="..\FX\Constants.hlsl">
      <Filter>FX</Filter>
    </FxCompile>
    <FxCompile Include="..\FX\TextureVS.hlsl">
      <Filter>FX</Filter>
    </FxCompile>
    <FxCompile Include="..\FX\PSCore.hlsl">
      <Filter>FX</Filter>
    </FxCompile>
    <FxCompile Include="..\FX\PSUnlitNoTex.hlsl">
      <Filter>FX</Filter>
    </FxCompile>
    <FxCompile Include="..\FX\PSLitNoTex.hlsl">
      <Filter>FX</Filter>
    </FxCompile>
    <FxCompile Include="..\FX\PSLitTex.hlsl">
      <Filter>FX</Filter>
    </FxCompile>
    <FxCompile Include="..\FX\PSUnlitTex.hlsl">
      <Filter>FX</Filter>
    </FxCompile>
    <FxCompile Include="..\FX\PSLine.hlsl">
      <Filter>FX</Filter>
    </FxCompile>
    <FxCompile Include="..\FX\VSLine.hlsl">
      <Filter>FX</Filter>
    </FxCompile>
  </ItemGroup>
</Project>